// !$*UTF8*$!
{
	archiveVersion = 1;
	classes = {
	};
	objectVersion = 46;
	objects = {

/* Begin PBXBuildFile section */
		9219462E8EC504B099712E0E /* libPods.a in Frameworks */ = {isa = PBXBuildFile; fileRef = 2DE16B1E6501BA062FA21DD7 /* libPods.a */; };
		F70219C31A71054000AC26F1 /* NDataModelTypes.m in Sources */ = {isa = PBXBuildFile; fileRef = F70219C21A71054000AC26F1 /* NDataModelTypes.m */; };
		F70AD4131A6D05BA00F5BA40 /* main.m in Sources */ = {isa = PBXBuildFile; fileRef = F70AD4121A6D05BA00F5BA40 /* main.m */; };
		F70AD4161A6D05BA00F5BA40 /* AppDelegate.m in Sources */ = {isa = PBXBuildFile; fileRef = F70AD4151A6D05BA00F5BA40 /* AppDelegate.m */; };
		F70AD4191A6D05BA00F5BA40 /* ViewController.m in Sources */ = {isa = PBXBuildFile; fileRef = F70AD4181A6D05BA00F5BA40 /* ViewController.m */; };
		F70AD41C1A6D05BA00F5BA40 /* Main.storyboard in Resources */ = {isa = PBXBuildFile; fileRef = F70AD41A1A6D05BA00F5BA40 /* Main.storyboard */; };
		F70AD41E1A6D05BA00F5BA40 /* Images.xcassets in Resources */ = {isa = PBXBuildFile; fileRef = F70AD41D1A6D05BA00F5BA40 /* Images.xcassets */; };
		F70AD4211A6D05BA00F5BA40 /* LaunchScreen.xib in Resources */ = {isa = PBXBuildFile; fileRef = F70AD41F1A6D05BA00F5BA40 /* LaunchScreen.xib */; };
		F70AD42D1A6D05BA00F5BA40 /* Next_EpisodesTests.m in Sources */ = {isa = PBXBuildFile; fileRef = F70AD42C1A6D05BA00F5BA40 /* Next_EpisodesTests.m */; };
		F71390481A6F91FD00A12BCF /* NEShowModel.m in Sources */ = {isa = PBXBuildFile; fileRef = F71390471A6F91FD00A12BCF /* NEShowModel.m */; };
		F713904B1A6FBA5C00A12BCF /* NEApiCommunicator.m in Sources */ = {isa = PBXBuildFile; fileRef = F713904A1A6FBA5C00A12BCF /* NEApiCommunicator.m */; };
		F713904E1A6FCC4F00A12BCF /* NEApiEndpoints.m in Sources */ = {isa = PBXBuildFile; fileRef = F713904D1A6FCC4F00A12BCF /* NEApiEndpoints.m */; };
		F71390541A6FD9B800A12BCF /* NEDataManager.m in Sources */ = {isa = PBXBuildFile; fileRef = F71390531A6FD9B800A12BCF /* NEDataManager.m */; };
/* End PBXBuildFile section */

/* Begin PBXContainerItemProxy section */
		F70AD4271A6D05BA00F5BA40 /* PBXContainerItemProxy */ = {
			isa = PBXContainerItemProxy;
			containerPortal = F70AD4051A6D05BA00F5BA40 /* Project object */;
			proxyType = 1;
			remoteGlobalIDString = F70AD40C1A6D05BA00F5BA40;
			remoteInfo = "Next Episodes";
		};
/* End PBXContainerItemProxy section */

/* Begin PBXFileReference section */
		2DE16B1E6501BA062FA21DD7 /* libPods.a */ = {isa = PBXFileReference; explicitFileType = archive.ar; includeInIndex = 0; path = libPods.a; sourceTree = BUILT_PRODUCTS_DIR; };
		3FA94898A22910F43E51D7D1 /* Pods.release.xcconfig */ = {isa = PBXFileReference; includeInIndex = 1; lastKnownFileType = text.xcconfig; name = Pods.release.xcconfig; path = "Pods/Target Support Files/Pods/Pods.release.xcconfig"; sourceTree = "<group>"; };
		CF2C15ECE26DDDA5A280C875 /* Pods.debug.xcconfig */ = {isa = PBXFileReference; includeInIndex = 1; lastKnownFileType = text.xcconfig; name = Pods.debug.xcconfig; path = "Pods/Target Support Files/Pods/Pods.debug.xcconfig"; sourceTree = "<group>"; };
		F70219C11A71054000AC26F1 /* NEDataModelTypes.h */ = {isa = PBXFileReference; fileEncoding = 4; lastKnownFileType = sourcecode.c.h; path = NEDataModelTypes.h; sourceTree = "<group>"; };
		F70219C21A71054000AC26F1 /* NDataModelTypes.m */ = {isa = PBXFileReference; fileEncoding = 4; lastKnownFileType = sourcecode.c.objc; path = NDataModelTypes.m; sourceTree = "<group>"; };
		F70219C41A710C7300AC26F1 /* NEJsonDataModelDecoder.h */ = {isa = PBXFileReference; fileEncoding = 4; lastKnownFileType = sourcecode.c.h; path = NEJsonDataModelDecoder.h; sourceTree = "<group>"; };
		F70AD40D1A6D05BA00F5BA40 /* Next Episodes.app */ = {isa = PBXFileReference; explicitFileType = wrapper.application; includeInIndex = 0; path = "Next Episodes.app"; sourceTree = BUILT_PRODUCTS_DIR; };
		F70AD4111A6D05BA00F5BA40 /* Info.plist */ = {isa = PBXFileReference; lastKnownFileType = text.plist.xml; path = Info.plist; sourceTree = "<group>"; };
		F70AD4121A6D05BA00F5BA40 /* main.m */ = {isa = PBXFileReference; lastKnownFileType = sourcecode.c.objc; path = main.m; sourceTree = "<group>"; };
		F70AD4141A6D05BA00F5BA40 /* AppDelegate.h */ = {isa = PBXFileReference; lastKnownFileType = sourcecode.c.h; path = AppDelegate.h; sourceTree = "<group>"; };
		F70AD4151A6D05BA00F5BA40 /* AppDelegate.m */ = {isa = PBXFileReference; lastKnownFileType = sourcecode.c.objc; path = AppDelegate.m; sourceTree = "<group>"; };
		F70AD4171A6D05BA00F5BA40 /* ViewController.h */ = {isa = PBXFileReference; lastKnownFileType = sourcecode.c.h; path = ViewController.h; sourceTree = "<group>"; };
		F70AD4181A6D05BA00F5BA40 /* ViewController.m */ = {isa = PBXFileReference; lastKnownFileType = sourcecode.c.objc; path = ViewController.m; sourceTree = "<group>"; };
		F70AD41B1A6D05BA00F5BA40 /* Base */ = {isa = PBXFileReference; lastKnownFileType = file.storyboard; name = Base; path = Base.lproj/Main.storyboard; sourceTree = "<group>"; };
		F70AD41D1A6D05BA00F5BA40 /* Images.xcassets */ = {isa = PBXFileReference; lastKnownFileType = folder.assetcatalog; path = Images.xcassets; sourceTree = "<group>"; };
		F70AD4201A6D05BA00F5BA40 /* Base */ = {isa = PBXFileReference; lastKnownFileType = file.xib; name = Base; path = Base.lproj/LaunchScreen.xib; sourceTree = "<group>"; };
		F70AD4261A6D05BA00F5BA40 /* Next EpisodesTests.xctest */ = {isa = PBXFileReference; explicitFileType = wrapper.cfbundle; includeInIndex = 0; path = "Next EpisodesTests.xctest"; sourceTree = BUILT_PRODUCTS_DIR; };
		F70AD42B1A6D05BA00F5BA40 /* Info.plist */ = {isa = PBXFileReference; lastKnownFileType = text.plist.xml; path = Info.plist; sourceTree = "<group>"; };
		F70AD42C1A6D05BA00F5BA40 /* Next_EpisodesTests.m */ = {isa = PBXFileReference; lastKnownFileType = sourcecode.c.objc; path = Next_EpisodesTests.m; sourceTree = "<group>"; };
		F71390461A6F91FD00A12BCF /* NEShowModel.h */ = {isa = PBXFileReference; fileEncoding = 4; lastKnownFileType = sourcecode.c.h; path = NEShowModel.h; sourceTree = "<group>"; };
		F71390471A6F91FD00A12BCF /* NEShowModel.m */ = {isa = PBXFileReference; fileEncoding = 4; lastKnownFileType = sourcecode.c.objc; path = NEShowModel.m; sourceTree = "<group>"; };
		F71390491A6FBA5C00A12BCF /* NEApiCommunicator.h */ = {isa = PBXFileReference; fileEncoding = 4; lastKnownFileType = sourcecode.c.h; path = NEApiCommunicator.h; sourceTree = "<group>"; };
		F713904A1A6FBA5C00A12BCF /* NEApiCommunicator.m */ = {isa = PBXFileReference; fileEncoding = 4; lastKnownFileType = sourcecode.c.objc; path = NEApiCommunicator.m; sourceTree = "<group>"; };
		F713904C1A6FCC4F00A12BCF /* NEApiEndpoints.h */ = {isa = PBXFileReference; fileEncoding = 4; lastKnownFileType = sourcecode.c.h; path = NEApiEndpoints.h; sourceTree = "<group>"; };
		F713904D1A6FCC4F00A12BCF /* NEApiEndpoints.m */ = {isa = PBXFileReference; fileEncoding = 4; lastKnownFileType = sourcecode.c.objc; path = NEApiEndpoints.m; sourceTree = "<group>"; };
		F71390521A6FD9B800A12BCF /* NEDataManager.h */ = {isa = PBXFileReference; fileEncoding = 4; lastKnownFileType = sourcecode.c.h; path = NEDataManager.h; sourceTree = "<group>"; };
		F71390531A6FD9B800A12BCF /* NEDataManager.m */ = {isa = PBXFileReference; fileEncoding = 4; lastKnownFileType = sourcecode.c.objc; path = NEDataManager.m; sourceTree = "<group>"; };
/* End PBXFileReference section */

/* Begin PBXFrameworksBuildPhase section */
		F70AD40A1A6D05BA00F5BA40 /* Frameworks */ = {
			isa = PBXFrameworksBuildPhase;
			buildActionMask = 2147483647;
			files = (
				9219462E8EC504B099712E0E /* libPods.a in Frameworks */,
			);
			runOnlyForDeploymentPostprocessing = 0;
		};
		F70AD4231A6D05BA00F5BA40 /* Frameworks */ = {
			isa = PBXFrameworksBuildPhase;
			buildActionMask = 2147483647;
			files = (
			);
			runOnlyForDeploymentPostprocessing = 0;
		};
/* End PBXFrameworksBuildPhase section */

/* Begin PBXGroup section */
		E1671980B876C68F477DDEAE /* Pods */ = {
			isa = PBXGroup;
			children = (
				CF2C15ECE26DDDA5A280C875 /* Pods.debug.xcconfig */,
				3FA94898A22910F43E51D7D1 /* Pods.release.xcconfig */,
			);
			name = Pods;
			sourceTree = "<group>";
		};
		E3C0552022F3FAD47877C880 /* Frameworks */ = {
			isa = PBXGroup;
			children = (
				2DE16B1E6501BA062FA21DD7 /* libPods.a */,
			);
			name = Frameworks;
			sourceTree = "<group>";
		};
		F70AD4041A6D05BA00F5BA40 = {
			isa = PBXGroup;
			children = (
				F70AD40F1A6D05BA00F5BA40 /* Next Episodes */,
				F70AD4291A6D05BA00F5BA40 /* Next EpisodesTests */,
				F70AD40E1A6D05BA00F5BA40 /* Products */,
				E1671980B876C68F477DDEAE /* Pods */,
				E3C0552022F3FAD47877C880 /* Frameworks */,
			);
			sourceTree = "<group>";
		};
		F70AD40E1A6D05BA00F5BA40 /* Products */ = {
			isa = PBXGroup;
			children = (
				F70AD40D1A6D05BA00F5BA40 /* Next Episodes.app */,
				F70AD4261A6D05BA00F5BA40 /* Next EpisodesTests.xctest */,
			);
			name = Products;
			sourceTree = "<group>";
		};
		F70AD40F1A6D05BA00F5BA40 /* Next Episodes */ = {
			isa = PBXGroup;
			children = (
				F70AD4141A6D05BA00F5BA40 /* AppDelegate.h */,
				F70AD4151A6D05BA00F5BA40 /* AppDelegate.m */,
				F74EF81E1A6D186F006EC29E /* Controllers */,
				F74EF81F1A6D18AB006EC29E /* Models */,
				F74EF8201A6D18C8006EC29E /* Views */,
				F74EF8211A6D1990006EC29E /* Networking */,
				F70AD41A1A6D05BA00F5BA40 /* Main.storyboard */,
				F70AD41F1A6D05BA00F5BA40 /* LaunchScreen.xib */,
				F70AD41D1A6D05BA00F5BA40 /* Images.xcassets */,
				F70AD4101A6D05BA00F5BA40 /* Supporting Files */,
			);
			path = "Next Episodes";
			sourceTree = "<group>";
		};
		F70AD4101A6D05BA00F5BA40 /* Supporting Files */ = {
			isa = PBXGroup;
			children = (
				F70AD4111A6D05BA00F5BA40 /* Info.plist */,
				F70AD4121A6D05BA00F5BA40 /* main.m */,
			);
			name = "Supporting Files";
			sourceTree = "<group>";
		};
		F70AD4291A6D05BA00F5BA40 /* Next EpisodesTests */ = {
			isa = PBXGroup;
			children = (
				F70AD42C1A6D05BA00F5BA40 /* Next_EpisodesTests.m */,
				F70AD42A1A6D05BA00F5BA40 /* Supporting Files */,
			);
			path = "Next EpisodesTests";
			sourceTree = "<group>";
		};
		F70AD42A1A6D05BA00F5BA40 /* Supporting Files */ = {
			isa = PBXGroup;
			children = (
				F70AD42B1A6D05BA00F5BA40 /* Info.plist */,
			);
			name = "Supporting Files";
			sourceTree = "<group>";
		};
		F74EF81E1A6D186F006EC29E /* Controllers */ = {
			isa = PBXGroup;
			children = (
				F70AD4171A6D05BA00F5BA40 /* ViewController.h */,
				F70AD4181A6D05BA00F5BA40 /* ViewController.m */,
			);
			path = Controllers;
			sourceTree = "<group>";
		};
		F74EF81F1A6D18AB006EC29E /* Models */ = {
			isa = PBXGroup;
			children = (
				F71390461A6F91FD00A12BCF /* NEShowModel.h */,
				F71390471A6F91FD00A12BCF /* NEShowModel.m */,
			);
			path = Models;
			sourceTree = "<group>";
		};
		F74EF8201A6D18C8006EC29E /* Views */ = {
			isa = PBXGroup;
			children = (
			);
			path = Views;
			sourceTree = "<group>";
		};
		F74EF8211A6D1990006EC29E /* Networking */ = {
			isa = PBXGroup;
			children = (
				F71390491A6FBA5C00A12BCF /* NEApiCommunicator.h */,
				F713904A1A6FBA5C00A12BCF /* NEApiCommunicator.m */,
				F713904C1A6FCC4F00A12BCF /* NEApiEndpoints.h */,
				F713904D1A6FCC4F00A12BCF /* NEApiEndpoints.m */,
				F71390521A6FD9B800A12BCF /* NEDataManager.h */,
				F71390531A6FD9B800A12BCF /* NEDataManager.m */,
				F70219C11A71054000AC26F1 /* NEDataModelTypes.h */,
				F70219C21A71054000AC26F1 /* NDataModelTypes.m */,
				F70219C41A710C7300AC26F1 /* NEJsonDataModelDecoder.h */,
			);
			path = Networking;
			sourceTree = "<group>";
		};
/* End PBXGroup section */

/* Begin PBXNativeTarget section */
		F70AD40C1A6D05BA00F5BA40 /* Next Episodes */ = {
			isa = PBXNativeTarget;
			buildConfigurationList = F70AD4301A6D05BA00F5BA40 /* Build configuration list for PBXNativeTarget "Next Episodes" */;
			buildPhases = (
				FFB61CD6B51A169FCC903380 /* Check Pods Manifest.lock */,
				F70AD4091A6D05BA00F5BA40 /* Sources */,
				F70AD40A1A6D05BA00F5BA40 /* Frameworks */,
				F70AD40B1A6D05BA00F5BA40 /* Resources */,
				OBJCLEANCUSTOMRUNSCRIPTT /* Objective-Clean Run Script */,
				10E12C661533B0BFAF3847F4 /* Copy Pods Resources */,
			);
			buildRules = (
			);
			dependencies = (
			);
			name = "Next Episodes";
			productName = "Next Episodes";
			productReference = F70AD40D1A6D05BA00F5BA40 /* Next Episodes.app */;
			productType = "com.apple.product-type.application";
		};
		F70AD4251A6D05BA00F5BA40 /* Next EpisodesTests */ = {
			isa = PBXNativeTarget;
			buildConfigurationList = F70AD4331A6D05BA00F5BA40 /* Build configuration list for PBXNativeTarget "Next EpisodesTests" */;
			buildPhases = (
				F70AD4221A6D05BA00F5BA40 /* Sources */,
				F70AD4231A6D05BA00F5BA40 /* Frameworks */,
				F70AD4241A6D05BA00F5BA40 /* Resources */,
			);
			buildRules = (
			);
			dependencies = (
				F70AD4281A6D05BA00F5BA40 /* PBXTargetDependency */,
			);
			name = "Next EpisodesTests";
			productName = "Next EpisodesTests";
			productReference = F70AD4261A6D05BA00F5BA40 /* Next EpisodesTests.xctest */;
			productType = "com.apple.product-type.bundle.unit-test";
		};
/* End PBXNativeTarget section */

/* Begin PBXProject section */
		F70AD4051A6D05BA00F5BA40 /* Project object */ = {
			isa = PBXProject;
			attributes = {
				CLASSPREFIX = NE;
				LastUpgradeCheck = 0610;
				ORGANIZATIONNAME = "Phill Farrugia";
				TargetAttributes = {
					F70AD40C1A6D05BA00F5BA40 = {
						CreatedOnToolsVersion = 6.1.1;
						DevelopmentTeam = 6VSG94VVFH;
					};
					F70AD4251A6D05BA00F5BA40 = {
						CreatedOnToolsVersion = 6.1.1;
						TestTargetID = F70AD40C1A6D05BA00F5BA40;
					};
				};
			};
			buildConfigurationList = F70AD4081A6D05BA00F5BA40 /* Build configuration list for PBXProject "Next Episodes" */;
			compatibilityVersion = "Xcode 3.2";
			developmentRegion = English;
			hasScannedForEncodings = 0;
			knownRegions = (
				en,
				Base,
			);
			mainGroup = F70AD4041A6D05BA00F5BA40;
			productRefGroup = F70AD40E1A6D05BA00F5BA40 /* Products */;
			projectDirPath = "";
			projectRoot = "";
			targets = (
				F70AD40C1A6D05BA00F5BA40 /* Next Episodes */,
				F70AD4251A6D05BA00F5BA40 /* Next EpisodesTests */,
			);
		};
/* End PBXProject section */

/* Begin PBXResourcesBuildPhase section */
		F70AD40B1A6D05BA00F5BA40 /* Resources */ = {
			isa = PBXResourcesBuildPhase;
			buildActionMask = 2147483647;
			files = (
				F70AD41C1A6D05BA00F5BA40 /* Main.storyboard in Resources */,
				F70AD4211A6D05BA00F5BA40 /* LaunchScreen.xib in Resources */,
				F70AD41E1A6D05BA00F5BA40 /* Images.xcassets in Resources */,
			);
			runOnlyForDeploymentPostprocessing = 0;
		};
		F70AD4241A6D05BA00F5BA40 /* Resources */ = {
			isa = PBXResourcesBuildPhase;
			buildActionMask = 2147483647;
			files = (
			);
			runOnlyForDeploymentPostprocessing = 0;
		};
/* End PBXResourcesBuildPhase section */

/* Begin PBXShellScriptBuildPhase section */
		10E12C661533B0BFAF3847F4 /* Copy Pods Resources */ = {
			isa = PBXShellScriptBuildPhase;
			buildActionMask = 2147483647;
			files = (
			);
			inputPaths = (
			);
			name = "Copy Pods Resources";
			outputPaths = (
			);
			runOnlyForDeploymentPostprocessing = 0;
			shellPath = /bin/sh;
			shellScript = "\"${SRCROOT}/Pods/Target Support Files/Pods/Pods-resources.sh\"\n";
			showEnvVarsInLog = 0;
		};
		FFB61CD6B51A169FCC903380 /* Check Pods Manifest.lock */ = {
			isa = PBXShellScriptBuildPhase;
			buildActionMask = 2147483647;
			files = (
			);
			inputPaths = (
			);
			name = "Check Pods Manifest.lock";
			outputPaths = (
			);
			runOnlyForDeploymentPostprocessing = 0;
			shellPath = /bin/sh;
			shellScript = "diff \"${PODS_ROOT}/../Podfile.lock\" \"${PODS_ROOT}/Manifest.lock\" > /dev/null\nif [[ $? != 0 ]] ; then\n    cat << EOM\nerror: The sandbox is not in sync with the Podfile.lock. Run 'pod install' or update your CocoaPods installation.\nEOM\n    exit 1\nfi\n";
			showEnvVarsInLog = 0;
		};
		OBJCLEANCUSTOMRUNSCRIPTT /* Objective-Clean Run Script */ = {
			isa = PBXShellScriptBuildPhase;
			buildActionMask = 2147483647;
			files = (
			);
			inputPaths = (
			);
			name = "Objective-Clean Run Script";
			outputPaths = (
			);
			runOnlyForDeploymentPostprocessing = 0;
			shellPath = /bin/bash;
			shellScript = "if [[ -z ${SKIP_OBJCLEAN} || ${SKIP_OBJCLEAN} != 1 ]]; then\nif [[ -d \"${LOCAL_APPS_DIR}/Objective-Clean.app\" ]]; then \n\"${LOCAL_APPS_DIR}\"/Objective-Clean.app/Contents/Resources/ObjClean.app/Contents/MacOS/ObjClean \"${SRCROOT}\" \nelse\necho \"warning: You have to install and set up Objective-Clean to use its features!\" \nfi\nfi";
		};
/* End PBXShellScriptBuildPhase section */

/* Begin PBXSourcesBuildPhase section */
		F70AD4091A6D05BA00F5BA40 /* Sources */ = {
			isa = PBXSourcesBuildPhase;
			buildActionMask = 2147483647;
			files = (
				F70219C31A71054000AC26F1 /* NDataModelTypes.m in Sources */,
				F70AD4191A6D05BA00F5BA40 /* ViewController.m in Sources */,
				F70AD4161A6D05BA00F5BA40 /* AppDelegate.m in Sources */,
				F71390541A6FD9B800A12BCF /* NEDataManager.m in Sources */,
				F70AD4131A6D05BA00F5BA40 /* main.m in Sources */,
				F71390481A6F91FD00A12BCF /* NEShowModel.m in Sources */,
				F713904E1A6FCC4F00A12BCF /* NEApiEndpoints.m in Sources */,
				F713904B1A6FBA5C00A12BCF /* NEApiCommunicator.m in Sources */,
			);
			runOnlyForDeploymentPostprocessing = 0;
		};
		F70AD4221A6D05BA00F5BA40 /* Sources */ = {
			isa = PBXSourcesBuildPhase;
			buildActionMask = 2147483647;
			files = (
				F70AD42D1A6D05BA00F5BA40 /* Next_EpisodesTests.m in Sources */,
			);
			runOnlyForDeploymentPostprocessing = 0;
		};
/* End PBXSourcesBuildPhase section */

/* Begin PBXTargetDependency section */
		F70AD4281A6D05BA00F5BA40 /* PBXTargetDependency */ = {
			isa = PBXTargetDependency;
			target = F70AD40C1A6D05BA00F5BA40 /* Next Episodes */;
			targetProxy = F70AD4271A6D05BA00F5BA40 /* PBXContainerItemProxy */;
		};
/* End PBXTargetDependency section */

/* Begin PBXVariantGroup section */
		F70AD41A1A6D05BA00F5BA40 /* Main.storyboard */ = {
			isa = PBXVariantGroup;
			children = (
				F70AD41B1A6D05BA00F5BA40 /* Base */,
			);
			name = Main.storyboard;
			sourceTree = "<group>";
		};
		F70AD41F1A6D05BA00F5BA40 /* LaunchScreen.xib */ = {
			isa = PBXVariantGroup;
			children = (
				F70AD4201A6D05BA00F5BA40 /* Base */,
			);
			name = LaunchScreen.xib;
			sourceTree = "<group>";
		};
/* End PBXVariantGroup section */

/* Begin XCBuildConfiguration section */
		F70AD42E1A6D05BA00F5BA40 /* Debug */ = {
			isa = XCBuildConfiguration;
			buildSettings = {
				ALWAYS_SEARCH_USER_PATHS = NO;
				CLANG_ANALYZER_SECURITY_FLOATLOOPCOUNTER = YES;
				CLANG_ANALYZER_SECURITY_INSECUREAPI_RAND = YES;
				CLANG_ANALYZER_SECURITY_INSECUREAPI_STRCPY = YES;
				CLANG_CXX_LANGUAGE_STANDARD = "gnu++0x";
				CLANG_CXX_LIBRARY = "libc++";
				CLANG_ENABLE_MODULES = YES;
				CLANG_ENABLE_OBJC_ARC = YES;
				CLANG_STATIC_ANALYZER_MODE = deep;
				CLANG_STATIC_ANALYZER_MODE_ON_ANALYZE_ACTION = deep;
				CLANG_WARN_BOOL_CONVERSION = YES;
				CLANG_WARN_CONSTANT_CONVERSION = YES;
				CLANG_WARN_DIRECT_OBJC_ISA_USAGE = YES_ERROR;
				CLANG_WARN_EMPTY_BODY = YES;
				CLANG_WARN_ENUM_CONVERSION = YES;
				CLANG_WARN_INT_CONVERSION = YES;
				CLANG_WARN_OBJC_ROOT_CLASS = YES_ERROR;
				CLANG_WARN_UNREACHABLE_CODE = YES;
				CLANG_WARN__DUPLICATE_METHOD_MATCH = YES;
				"CODE_SIGN_IDENTITY[sdk=iphoneos*]" = "iPhone Developer";
				COPY_PHASE_STRIP = NO;
				ENABLE_STRICT_OBJC_MSGSEND = YES;
				GCC_C_LANGUAGE_STANDARD = gnu99;
				GCC_DYNAMIC_NO_PIC = NO;
				GCC_OPTIMIZATION_LEVEL = 0;
				GCC_PREPROCESSOR_DEFINITIONS = (
					"DEBUG=1",
					"$(inherited)",
				);
				GCC_SYMBOLS_PRIVATE_EXTERN = NO;
				GCC_WARN_64_TO_32_BIT_CONVERSION = YES;
				GCC_WARN_ABOUT_RETURN_TYPE = YES_ERROR;
				GCC_WARN_UNDECLARED_SELECTOR = YES;
				GCC_WARN_UNINITIALIZED_AUTOS = YES_AGGRESSIVE;
				GCC_WARN_UNUSED_FUNCTION = YES;
				GCC_WARN_UNUSED_VARIABLE = YES;
				IPHONEOS_DEPLOYMENT_TARGET = 8.1;
				MTL_ENABLE_DEBUG_INFO = YES;
				ONLY_ACTIVE_ARCH = YES;
				RUN_CLANG_STATIC_ANALYZER = YES;
				SDKROOT = iphoneos;
			};
			name = Debug;
		};
		F70AD42F1A6D05BA00F5BA40 /* Release */ = {
			isa = XCBuildConfiguration;
			buildSettings = {
				ALWAYS_SEARCH_USER_PATHS = NO;
				CLANG_ANALYZER_SECURITY_FLOATLOOPCOUNTER = YES;
				CLANG_ANALYZER_SECURITY_INSECUREAPI_RAND = YES;
				CLANG_ANALYZER_SECURITY_INSECUREAPI_STRCPY = YES;
				CLANG_CXX_LANGUAGE_STANDARD = "gnu++0x";
				CLANG_CXX_LIBRARY = "libc++";
				CLANG_ENABLE_MODULES = YES;
				CLANG_ENABLE_OBJC_ARC = YES;
				CLANG_STATIC_ANALYZER_MODE = deep;
				CLANG_STATIC_ANALYZER_MODE_ON_ANALYZE_ACTION = deep;
				CLANG_WARN_BOOL_CONVERSION = YES;
				CLANG_WARN_CONSTANT_CONVERSION = YES;
				CLANG_WARN_DIRECT_OBJC_ISA_USAGE = YES_ERROR;
				CLANG_WARN_EMPTY_BODY = YES;
				CLANG_WARN_ENUM_CONVERSION = YES;
				CLANG_WARN_INT_CONVERSION = YES;
				CLANG_WARN_OBJC_ROOT_CLASS = YES_ERROR;
				CLANG_WARN_UNREACHABLE_CODE = YES;
				CLANG_WARN__DUPLICATE_METHOD_MATCH = YES;
				"CODE_SIGN_IDENTITY[sdk=iphoneos*]" = "iPhone Developer";
				COPY_PHASE_STRIP = YES;
				ENABLE_NS_ASSERTIONS = NO;
				ENABLE_STRICT_OBJC_MSGSEND = YES;
				GCC_C_LANGUAGE_STANDARD = gnu99;
				GCC_WARN_64_TO_32_BIT_CONVERSION = YES;
				GCC_WARN_ABOUT_RETURN_TYPE = YES_ERROR;
				GCC_WARN_UNDECLARED_SELECTOR = YES;
				GCC_WARN_UNINITIALIZED_AUTOS = YES_AGGRESSIVE;
				GCC_WARN_UNUSED_FUNCTION = YES;
				GCC_WARN_UNUSED_VARIABLE = YES;
				IPHONEOS_DEPLOYMENT_TARGET = 8.1;
				MTL_ENABLE_DEBUG_INFO = NO;
				RUN_CLANG_STATIC_ANALYZER = YES;
				SDKROOT = iphoneos;
				VALIDATE_PRODUCT = YES;
			};
			name = Release;
		};
		F70AD4311A6D05BA00F5BA40 /* Debug */ = {
			isa = XCBuildConfiguration;
			baseConfigurationReference = CF2C15ECE26DDDA5A280C875 /* Pods.debug.xcconfig */;
			buildSettings = {
				ASSETCATALOG_COMPILER_APPICON_NAME = AppIcon;
				CLANG_ANALYZER_SECURITY_FLOATLOOPCOUNTER = YES;
				CLANG_ANALYZER_SECURITY_INSECUREAPI_RAND = YES;
				CLANG_ANALYZER_SECURITY_INSECUREAPI_STRCPY = YES;
				CLANG_STATIC_ANALYZER_MODE = deep;
				CLANG_STATIC_ANALYZER_MODE_ON_ANALYZE_ACTION = shallow;
				CODE_SIGN_IDENTITY = "iPhone Developer";
				GCC_TREAT_WARNINGS_AS_ERRORS = YES;
				GCC_WARN_UNUSED_PARAMETER = NO;
				INFOPLIST_FILE = "Next Episodes/Info.plist";
				LD_RUNPATH_SEARCH_PATHS = "$(inherited) @executable_path/Frameworks";
				PRODUCT_NAME = "$(TARGET_NAME)";
				RUN_CLANG_STATIC_ANALYZER = YES;
				WARNING_CFLAGS = "";
			};
			name = Debug;
		};
		F70AD4321A6D05BA00F5BA40 /* Release */ = {
			isa = XCBuildConfiguration;
			baseConfigurationReference = 3FA94898A22910F43E51D7D1 /* Pods.release.xcconfig */;
			buildSettings = {
				ASSETCATALOG_COMPILER_APPICON_NAME = AppIcon;
				CLANG_ANALYZER_SECURITY_FLOATLOOPCOUNTER = YES;
				CLANG_ANALYZER_SECURITY_INSECUREAPI_RAND = YES;
				CLANG_ANALYZER_SECURITY_INSECUREAPI_STRCPY = YES;
				CLANG_STATIC_ANALYZER_MODE = deep;
				CLANG_STATIC_ANALYZER_MODE_ON_ANALYZE_ACTION = shallow;
				CODE_SIGN_IDENTITY = "iPhone Developer";
				GCC_TREAT_WARNINGS_AS_ERRORS = YES;
				GCC_WARN_UNUSED_PARAMETER = NO;
				INFOPLIST_FILE = "Next Episodes/Info.plist";
				LD_RUNPATH_SEARCH_PATHS = "$(inherited) @executable_path/Frameworks";
				PRODUCT_NAME = "$(TARGET_NAME)";
				RUN_CLANG_STATIC_ANALYZER = YES;
				WARNING_CFLAGS = "";
			};
			name = Release;
		};
		F70AD4341A6D05BA00F5BA40 /* Debug */ = {
			isa = XCBuildConfiguration;
			buildSettings = {
				BUNDLE_LOADER = "$(TEST_HOST)";
				FRAMEWORK_SEARCH_PATHS = (
					"$(SDKROOT)/Developer/Library/Frameworks",
					"$(inherited)",
				);
				GCC_PREPROCESSOR_DEFINITIONS = (
					"DEBUG=1",
					"$(inherited)",
				);
				INFOPLIST_FILE = "Next EpisodesTests/Info.plist";
				LD_RUNPATH_SEARCH_PATHS = "$(inherited) @executable_path/Frameworks @loader_path/Frameworks";
				PRODUCT_NAME = "$(TARGET_NAME)";
				TEST_HOST = "$(BUILT_PRODUCTS_DIR)/Next Episodes.app/Next Episodes";
			};
			name = Debug;
		};
		F70AD4351A6D05BA00F5BA40 /* Release */ = {
			isa = XCBuildConfiguration;
			buildSettings = {
				BUNDLE_LOADER = "$(TEST_HOST)";
				FRAMEWORK_SEARCH_PATHS = (
					"$(SDKROOT)/Developer/Library/Frameworks",
					"$(inherited)",
				);
				INFOPLIST_FILE = "Next EpisodesTests/Info.plist";
				LD_RUNPATH_SEARCH_PATHS = "$(inherited) @executable_path/Frameworks @loader_path/Frameworks";
				PRODUCT_NAME = "$(TARGET_NAME)";
				TEST_HOST = "$(BUILT_PRODUCTS_DIR)/Next Episodes.app/Next Episodes";
			};
			name = Release;
		};
/* End XCBuildConfiguration section */

/* Begin XCConfigurationList section */
		F70AD4081A6D05BA00F5BA40 /* Build configuration list for PBXProject "Next Episodes" */ = {
			isa = XCConfigurationList;
			buildConfigurations = (
				F70AD42E1A6D05BA00F5BA40 /* Debug */,
				F70AD42F1A6D05BA00F5BA40 /* Release */,
			);
			defaultConfigurationIsVisible = 0;
			defaultConfigurationName = Release;
		};
		F70AD4301A6D05BA00F5BA40 /* Build configuration list for PBXNativeTarget "Next Episodes" */ = {
			isa = XCConfigurationList;
			buildConfigurations = (
				F70AD4311A6D05BA00F5BA40 /* Debug */,
				F70AD4321A6D05BA00F5BA40 /* Release */,
			);
			defaultConfigurationIsVisible = 0;
			defaultConfigurationName = Release;
		};
		F70AD4331A6D05BA00F5BA40 /* Build configuration list for PBXNativeTarget "Next EpisodesTests" */ = {
			isa = XCConfigurationList;
			buildConfigurations = (
				F70AD4341A6D05BA00F5BA40 /* Debug */,
				F70AD4351A6D05BA00F5BA40 /* Release */,
			);
			defaultConfigurationIsVisible = 0;
			defaultConfigurationName = Release;
		};
/* End XCConfigurationList section */
	};
	rootObject = F70AD4051A6D05BA00F5BA40 /* Project object */;
}
